
Microsoft Visual Studio Solution File, Format Version 11.00
# Visual Studio 2010
Project("{8BC9CEB8-8B4A-11D0-8D11-00A0C91BC942}") = "moveAchar", "moveAchar\moveAchar.vcxproj", "{C28D79D2-D5D3-472E-809B-E5616FA977D9}"
EndProject
Global
	GlobalSection(SolutionConfigurationPlatforms) = preSolution
		Debug|Win32 = Debug|Win32
		Release|Win32 = Release|Win32
	EndGlobalSection
	GlobalSection(ProjectConfigurationPlatforms) = postSolution
		{C28D79D2-D5D3-472E-809B-E5616FA977D9}.Debug|Win32.ActiveCfg = Debug|Win32
		{C28D79D2-D5D3-472E-809B-E5616FA977D9}.Debug|Win32.Build.0 = Debug|Win32
		{C28D79D2-D5D3-472E-809B-E5616FA977D9}.Release|Win32.ActiveCfg = Release|Win32
		{C28D79D2-D5D3-472E-809B-E5616FA977D9}.Release|Win32.Build.0 = Release|Win32
	EndGlobalSection
	GlobalSection(SolutionProperties) = preSolution
		HideSolutionNode = FALSE
	EndGlobalSection
EndGlobal
