
Microsoft Visual Studio Solution File, Format Version 11.00
# Visual Studio 2010
Project("{8BC9CEB8-8B4A-11D0-8D11-00A0C91BC942}") = "GUItest1", "GUItest1\GUItest1.vcxproj", "{542F9E91-6C88-4577-9FED-7A5FEB56F41C}"
EndProject
Global
	GlobalSection(SolutionConfigurationPlatforms) = preSolution
		Debug|Win32 = Debug|Win32
		Release|Win32 = Release|Win32
	EndGlobalSection
	GlobalSection(ProjectConfigurationPlatforms) = postSolution
		{542F9E91-6C88-4577-9FED-7A5FEB56F41C}.Debug|Win32.ActiveCfg = Debug|Win32
		{542F9E91-6C88-4577-9FED-7A5FEB56F41C}.Debug|Win32.Build.0 = Debug|Win32
		{542F9E91-6C88-4577-9FED-7A5FEB56F41C}.Release|Win32.ActiveCfg = Release|Win32
		{542F9E91-6C88-4577-9FED-7A5FEB56F41C}.Release|Win32.Build.0 = Release|Win32
	EndGlobalSection
	GlobalSection(SolutionProperties) = preSolution
		HideSolutionNode = FALSE
	EndGlobalSection
EndGlobal
