
Microsoft Visual Studio Solution File, Format Version 11.00
# Visual Studio 2010
Project("{8BC9CEB8-8B4A-11D0-8D11-00A0C91BC942}") = "2017102201awh", "2017102201awh\2017102201awh.vcxproj", "{459E54AF-C817-40AD-A11C-E08D59105870}"
EndProject
Global
	GlobalSection(SolutionConfigurationPlatforms) = preSolution
		Debug|Win32 = Debug|Win32
		Release|Win32 = Release|Win32
	EndGlobalSection
	GlobalSection(ProjectConfigurationPlatforms) = postSolution
		{459E54AF-C817-40AD-A11C-E08D59105870}.Debug|Win32.ActiveCfg = Debug|Win32
		{459E54AF-C817-40AD-A11C-E08D59105870}.Debug|Win32.Build.0 = Debug|Win32
		{459E54AF-C817-40AD-A11C-E08D59105870}.Release|Win32.ActiveCfg = Release|Win32
		{459E54AF-C817-40AD-A11C-E08D59105870}.Release|Win32.Build.0 = Release|Win32
	EndGlobalSection
	GlobalSection(SolutionProperties) = preSolution
		HideSolutionNode = FALSE
	EndGlobalSection
EndGlobal
