
Microsoft Visual Studio Solution File, Format Version 12.00
# Visual Studio 2013
VisualStudioVersion = 12.0.21005.1
MinimumVisualStudioVersion = 10.0.40219.1
Project("{8BC9CEB8-8B4A-11D0-8D11-00A0C91BC942}") = "2016062601 C 8 Operators 1", "2016062601 C 8 Operators 1\2016062601 C 8 Operators 1.vcxproj", "{D0A33C56-A559-4386-9E9D-176A9C52F1F5}"
EndProject
Global
	GlobalSection(SolutionConfigurationPlatforms) = preSolution
		Debug|Win32 = Debug|Win32
		Release|Win32 = Release|Win32
	EndGlobalSection
	GlobalSection(ProjectConfigurationPlatforms) = postSolution
		{D0A33C56-A559-4386-9E9D-176A9C52F1F5}.Debug|Win32.ActiveCfg = Debug|Win32
		{D0A33C56-A559-4386-9E9D-176A9C52F1F5}.Debug|Win32.Build.0 = Debug|Win32
		{D0A33C56-A559-4386-9E9D-176A9C52F1F5}.Release|Win32.ActiveCfg = Release|Win32
		{D0A33C56-A559-4386-9E9D-176A9C52F1F5}.Release|Win32.Build.0 = Release|Win32
	EndGlobalSection
	GlobalSection(SolutionProperties) = preSolution
		HideSolutionNode = FALSE
	EndGlobalSection
EndGlobal
