
Microsoft Visual Studio Solution File, Format Version 11.00
# Visual Studio 2010
Project("{FAE04EC0-301F-11D3-BF4B-00C04F79EFBC}") = "LinkToOtherForm", "LinkToOtherForm\LinkToOtherForm.csproj", "{0D454D6F-FE8D-4969-B6FC-D5A852FA9B08}"
EndProject
Global
	GlobalSection(SolutionConfigurationPlatforms) = preSolution
		Debug|x86 = Debug|x86
		Release|x86 = Release|x86
	EndGlobalSection
	GlobalSection(ProjectConfigurationPlatforms) = postSolution
		{0D454D6F-FE8D-4969-B6FC-D5A852FA9B08}.Debug|x86.ActiveCfg = Debug|x86
		{0D454D6F-FE8D-4969-B6FC-D5A852FA9B08}.Debug|x86.Build.0 = Debug|x86
		{0D454D6F-FE8D-4969-B6FC-D5A852FA9B08}.Release|x86.ActiveCfg = Release|x86
		{0D454D6F-FE8D-4969-B6FC-D5A852FA9B08}.Release|x86.Build.0 = Release|x86
	EndGlobalSection
	GlobalSection(SolutionProperties) = preSolution
		HideSolutionNode = FALSE
	EndGlobalSection
EndGlobal
